{
	"name": "@dsbunny/metadata-schema",
	"version": "8.2.20",
	"lockfileVersion": 3,
	"requires": true,
	"packages": {
		"": {
			"name": "@dsbunny/metadata-schema",
			"version": "8.2.20",
			"license": "MIT",
			"devDependencies": {
				"@dsbunny/ktx-schema": "github:dsbunny/ktx-schema#c15aa2a",
				"typescript": "^5.9.3",
				"zod": "^4.1.12"
			},
			"peerDependencies": {
				"@dsbunny/ktx-schema": "github:dsbunny/ktx-schema",
				"zod": "^4.0.0"
			}
		},
		"node_modules/@dsbunny/ktx-schema": {
			"version": "1.1.2",
			"resolved": "git+ssh://git@github.com/dsbunny/ktx-schema.git#8c583311ad1406a8b8c385f062e0439ed0a3c9b9",
			"dev": true,
			"license": "MIT",
			"peerDependencies": {
				"zod": "^4.0.0"
			}
		},
		"node_modules/typescript": {
			"version": "5.9.3",
			"resolved": "https://registry.npmjs.org/typescript/-/typescript-5.9.3.tgz",
			"integrity": "sha512-jl1vZzPDinLr9eUt3J/t7V6FgNEw9QjvBPdysz9KfQDD41fQrC2Y4vKQdiaUpFT4bXlb1RHhLpp8wtm6M5TgSw==",
			"dev": true,
			"license": "Apache-2.0",
			"bin": {
				"tsc": "bin/tsc",
				"tsserver": "bin/tsserver"
			},
			"engines": {
				"node": ">=14.17"
			}
		},
		"node_modules/zod": {
			"version": "4.1.12",
			"resolved": "https://registry.npmjs.org/zod/-/zod-4.1.12.tgz",
			"integrity": "sha512-JInaHOamG8pt5+Ey8kGmdcAcg3OL9reK8ltczgHTAwNhMys/6ThXHityHxVV2p3fkw/c+MAvBHFVYHFZDmjMCQ==",
			"dev": true,
			"license": "MIT",
			"funding": {
				"url": "https://github.com/sponsors/colinhacks"
			}
		}
	}
}
